{
  "name": "graybox",
  "version": "1.0.0",
  "lockfileVersion": 3,
  "requires": true,
  "packages": {
    "": {
      "name": "graybox",
      "version": "1.0.0",
      "license": "MIT",
      "dependencies": {
        "luau-web": "^1.4.0",
        "pngjs": "^7.0.0",
        "wasmoon": "^1.16.0"
      }
    },
    "node_modules/@types/emscripten": {
      "version": "1.39.10",
      "resolved": "https://registry.npmjs.org/@types/emscripten/-/emscripten-1.39.10.tgz",
      "integrity": "sha512-TB/6hBkYQJxsZHSqyeuO1Jt0AB/bW6G7rHt9g7lML7SOF6lbgcHvw/Lr+69iqN0qxgXLhWKScAon73JNnptuDw==",
      "license": "MIT"
    },
    "node_modules/luau-web": {
      "version": "1.4.0",
      "resolved": "https://registry.npmjs.org/luau-web/-/luau-web-1.4.0.tgz",
      "integrity": "sha512-IZPMHMRBlM3bKYUnzwoptqIzSf7F5ZjuUeYpColLydq+2D6LucUKUEhViEMBD1r5gTEh/AV0bvuzTcis+KXfkQ==",
      "license": "MIT"
    },
    "node_modules/pngjs": {
      "version": "7.0.0",
      "resolved": "https://registry.npmjs.org/pngjs/-/pngjs-7.0.0.tgz",
      "integrity": "sha512-LKWqWJRhstyYo9pGvgor/ivk2w94eSjE3RGVuzLGlr3NmD8bf7RcYGze1mNdEHRP6TRP6rMuDHk5t44hnTRyow==",
      "license": "MIT",
      "engines": {
        "node": ">=14.19.0"
      }
    },
    "node_modules/wasmoon": {
      "version": "1.16.0",
      "resolved": "https://registry.npmjs.org/wasmoon/-/wasmoon-1.16.0.tgz",
      "integrity": "sha512-FlRLb15WwAOz1A9OQDbf6oOKKSiefi5VK0ZRF2wgH9xk3o5SnU11tNPaOnQuAh1Ucr66cwwvVXaeVRaFdRBt5g==",
      "license": "MIT",
      "dependencies": {
        "@types/emscripten": "1.39.10"
      },
      "bin": {
        "wasmoon": "bin/wasmoon"
      }
    }
  }
}
